
Microsoft Visual Studio Solution File, Format Version 12.00
# Visual Studio Version 17
VisualStudioVersion = 17.3.32901.215
MinimumVisualStudioVersion = 10.0.40219.1
Project("{FAE04EC0-301F-11D3-BF4B-00C04F79EFBC}") = "Esercizio_2", "Esercizio_2\Esercizio_2.csproj", "{08F08C1A-0675-4540-BF16-7C417D2BF773}"
EndProject
Global
	GlobalSection(SolutionConfigurationPlatforms) = preSolution
		Debug|Any CPU = Debug|Any CPU
		Release|Any CPU = Release|Any CPU
	EndGlobalSection
	GlobalSection(ProjectConfigurationPlatforms) = postSolution
		{08F08C1A-0675-4540-BF16-7C417D2BF773}.Debug|Any CPU.ActiveCfg = Debug|Any CPU
		{08F08C1A-0675-4540-BF16-7C417D2BF773}.Debug|Any CPU.Build.0 = Debug|Any CPU
		{08F08C1A-0675-4540-BF16-7C417D2BF773}.Release|Any CPU.ActiveCfg = Release|Any CPU
		{08F08C1A-0675-4540-BF16-7C417D2BF773}.Release|Any CPU.Build.0 = Release|Any CPU
	EndGlobalSection
	GlobalSection(SolutionProperties) = preSolution
		HideSolutionNode = FALSE
	EndGlobalSection
	GlobalSection(ExtensibilityGlobals) = postSolution
		SolutionGuid = {38A20CEF-D30E-4CEB-B1FB-E980E835E187}
	EndGlobalSection
EndGlobal
